// !$*UTF8*$!
{
	archiveVersion = 1;
	classes = {
	};
	objectVersion = 56;
	objects = {

/* Begin PBXBuildFile section */
		570158BE291026E200559F91 /* AppDelegate.swift in Sources */ = {isa = PBXBuildFile; fileRef = 570158BD291026E200559F91 /* AppDelegate.swift */; };
		570158C0291026E200559F91 /* SceneDelegate.swift in Sources */ = {isa = PBXBuildFile; fileRef = 570158BF291026E200559F91 /* SceneDelegate.swift */; };
		570158C2291026E200559F91 /* ViewController.swift in Sources */ = {isa = PBXBuildFile; fileRef = 570158C1291026E200559F91 /* ViewController.swift */; };
		570158C5291026E200559F91 /* Main.storyboard in Resources */ = {isa = PBXBuildFile; fileRef = 570158C3291026E200559F91 /* Main.storyboard */; };
		570158C7291026E400559F91 /* Assets.xcassets in Resources */ = {isa = PBXBuildFile; fileRef = 570158C6291026E400559F91 /* Assets.xcassets */; };
		570158CA291026E400559F91 /* LaunchScreen.storyboard in Resources */ = {isa = PBXBuildFile; fileRef = 570158C8291026E400559F91 /* LaunchScreen.storyboard */; };
		570158D5291026E500559F91 /* intergalacticTests.swift in Sources */ = {isa = PBXBuildFile; fileRef = 570158D4291026E500559F91 /* intergalacticTests.swift */; };
		570158DF291026E500559F91 /* intergalacticUITests.swift in Sources */ = {isa = PBXBuildFile; fileRef = 570158DE291026E500559F91 /* intergalacticUITests.swift */; };
		570158E1291026E500559F91 /* intergalacticUITestsLaunchTests.swift in Sources */ = {isa = PBXBuildFile; fileRef = 570158E0291026E500559F91 /* intergalacticUITestsLaunchTests.swift */; };
/* End PBXBuildFile section */

/* Begin PBXContainerItemProxy section */
		570158D1291026E500559F91 /* PBXContainerItemProxy */ = {
			isa = PBXContainerItemProxy;
			containerPortal = 570158B2291026E200559F91 /* Project object */;
			proxyType = 1;
			remoteGlobalIDString = 570158B9291026E200559F91;
			remoteInfo = intergalactic;
		};
		570158DB291026E500559F91 /* PBXContainerItemProxy */ = {
			isa = PBXContainerItemProxy;
			containerPortal = 570158B2291026E200559F91 /* Project object */;
			proxyType = 1;
			remoteGlobalIDString = 570158B9291026E200559F91;
			remoteInfo = intergalactic;
		};
/* End PBXContainerItemProxy section */

/* Begin PBXFileReference section */
		570158BA291026E200559F91 /* intergalactic.app */ = {isa = PBXFileReference; explicitFileType = wrapper.application; includeInIndex = 0; path = intergalactic.app; sourceTree = BUILT_PRODUCTS_DIR; };
		570158BD291026E200559F91 /* AppDelegate.swift */ = {isa = PBXFileReference; lastKnownFileType = sourcecode.swift; path = AppDelegate.swift; sourceTree = "<group>"; };
		570158BF291026E200559F91 /* SceneDelegate.swift */ = {isa = PBXFileReference; lastKnownFileType = sourcecode.swift; path = SceneDelegate.swift; sourceTree = "<group>"; };
		570158C1291026E200559F91 /* ViewController.swift */ = {isa = PBXFileReference; lastKnownFileType = sourcecode.swift; path = ViewController.swift; sourceTree = "<group>"; };
		570158C4291026E200559F91 /* Base */ = {isa = PBXFileReference; lastKnownFileType = file.storyboard; name = Base; path = Base.lproj/Main.storyboard; sourceTree = "<group>"; };
		570158C6291026E400559F91 /* Assets.xcassets */ = {isa = PBXFileReference; lastKnownFileType = folder.assetcatalog; path = Assets.xcassets; sourceTree = "<group>"; };
		570158C9291026E400559F91 /* Base */ = {isa = PBXFileReference; lastKnownFileType = file.storyboard; name = Base; path = Base.lproj/LaunchScreen.storyboard; sourceTree = "<group>"; };
		570158CB291026E400559F91 /* Info.plist */ = {isa = PBXFileReference; lastKnownFileType = text.plist.xml; path = Info.plist; sourceTree = "<group>"; };
		570158D0291026E500559F91 /* intergalacticTests.xctest */ = {isa = PBXFileReference; explicitFileType = wrapper.cfbundle; includeInIndex = 0; path = intergalacticTests.xctest; sourceTree = BUILT_PRODUCTS_DIR; };
		570158D4291026E500559F91 /* intergalacticTests.swift */ = {isa = PBXFileReference; lastKnownFileType = sourcecode.swift; path = intergalacticTests.swift; sourceTree = "<group>"; };
		570158DA291026E500559F91 /* intergalacticUITests.xctest */ = {isa = PBXFileReference; explicitFileType = wrapper.cfbundle; includeInIndex = 0; path = intergalacticUITests.xctest; sourceTree = BUILT_PRODUCTS_DIR; };
		570158DE291026E500559F91 /* intergalacticUITests.swift */ = {isa = PBXFileReference; lastKnownFileType = sourcecode.swift; path = intergalacticUITests.swift; sourceTree = "<group>"; };
		570158E0291026E500559F91 /* intergalacticUITestsLaunchTests.swift */ = {isa = PBXFileReference; lastKnownFileType = sourcecode.swift; path = intergalacticUITestsLaunchTests.swift; sourceTree = "<group>"; };
/* End PBXFileReference section */

/* Begin PBXFrameworksBuildPhase section */
		570158B7291026E200559F91 /* Frameworks */ = {
			isa = PBXFrameworksBuildPhase;
			buildActionMask = 2147483647;
			files = (
			);
			runOnlyForDeploymentPostprocessing = 0;
		};
		570158CD291026E500559F91 /* Frameworks */ = {
			isa = PBXFrameworksBuildPhase;
			buildActionMask = 2147483647;
			files = (
			);
			runOnlyForDeploymentPostprocessing = 0;
		};
		570158D7291026E500559F91 /* Frameworks */ = {
			isa = PBXFrameworksBuildPhase;
			buildActionMask = 2147483647;
			files = (
			);
			runOnlyForDeploymentPostprocessing = 0;
		};
/* End PBXFrameworksBuildPhase section */

/* Begin PBXGroup section */
		570158B1291026E200559F91 = {
			isa = PBXGroup;
			children = (
				570158BC291026E200559F91 /* intergalactic */,
				570158D3291026E500559F91 /* intergalacticTests */,
				570158DD291026E500559F91 /* intergalacticUITests */,
				570158BB291026E200559F91 /* Products */,
			);
			sourceTree = "<group>";
		};
		570158BB291026E200559F91 /* Products */ = {
			isa = PBXGroup;
			children = (
				570158BA291026E200559F91 /* intergalactic.app */,
				570158D0291026E500559F91 /* intergalacticTests.xctest */,
				570158DA291026E500559F91 /* intergalacticUITests.xctest */,
			);
			name = Products;
			sourceTree = "<group>";
		};
		570158BC291026E200559F91 /* intergalactic */ = {
			isa = PBXGroup;
			children = (
				570158BD291026E200559F91 /* AppDelegate.swift */,
				570158BF291026E200559F91 /* SceneDelegate.swift */,
				570158C1291026E200559F91 /* ViewController.swift */,
				570158C3291026E200559F91 /* Main.storyboard */,
				570158C6291026E400559F91 /* Assets.xcassets */,
				570158C8291026E400559F91 /* LaunchScreen.storyboard */,
				570158CB291026E400559F91 /* Info.plist */,
			);
			path = intergalactic;
			sourceTree = "<group>";
		};
		570158D3291026E500559F91 /* intergalacticTests */ = {
			isa = PBXGroup;
			children = (
				570158D4291026E500559F91 /* intergalacticTests.swift */,
			);
			path = intergalacticTests;
			sourceTree = "<group>";
		};
		570158DD291026E500559F91 /* intergalacticUITests */ = {
			isa = PBXGroup;
			children = (
				570158DE291026E500559F91 /* intergalacticUITests.swift */,
				570158E0291026E500559F91 /* intergalacticUITestsLaunchTests.swift */,
			);
			path = intergalacticUITests;
			sourceTree = "<group>";
		};
/* End PBXGroup section */

/* Begin PBXNativeTarget section */
		570158B9291026E200559F91 /* intergalactic */ = {
			isa = PBXNativeTarget;
			buildConfigurationList = 570158E4291026E500559F91 /* Build configuration list for PBXNativeTarget "intergalactic" */;
			buildPhases = (
				570158B6291026E200559F91 /* Sources */,
				570158B7291026E200559F91 /* Frameworks */,
				570158B8291026E200559F91 /* Resources */,
			);
			buildRules = (
			);
			dependencies = (
			);
			name = intergalactic;
			productName = intergalactic;
			productReference = 570158BA291026E200559F91 /* intergalactic.app */;
			productType = "com.apple.product-type.application";
		};
		570158CF291026E500559F91 /* intergalacticTests */ = {
			isa = PBXNativeTarget;
			buildConfigurationList = 570158E7291026E500559F91 /* Build configuration list for PBXNativeTarget "intergalacticTests" */;
			buildPhases = (
				570158CC291026E500559F91 /* Sources */,
				570158CD291026E500559F91 /* Frameworks */,
				570158CE291026E500559F91 /* Resources */,
			);
			buildRules = (
			);
			dependencies = (
				570158D2291026E500559F91 /* PBXTargetDependency */,
			);
			name = intergalacticTests;
			productName = intergalacticTests;
			productReference = 570158D0291026E500559F91 /* intergalacticTests.xctest */;
			productType = "com.apple.product-type.bundle.unit-test";
		};
		570158D9291026E500559F91 /* intergalacticUITests */ = {
			isa = PBXNativeTarget;
			buildConfigurationList = 570158EA291026E500559F91 /* Build configuration list for PBXNativeTarget "intergalacticUITests" */;
			buildPhases = (
				570158D6291026E500559F91 /* Sources */,
				570158D7291026E500559F91 /* Frameworks */,
				570158D8291026E500559F91 /* Resources */,
			);
			buildRules = (
			);
			dependencies = (
				570158DC291026E500559F91 /* PBXTargetDependency */,
			);
			name = intergalacticUITests;
			productName = intergalacticUITests;
			productReference = 570158DA291026E500559F91 /* intergalacticUITests.xctest */;
			productType = "com.apple.product-type.bundle.ui-testing";
		};
/* End PBXNativeTarget section */

/* Begin PBXProject section */
		570158B2291026E200559F91 /* Project object */ = {
			isa = PBXProject;
			attributes = {
				BuildIndependentTargetsInParallel = 1;
				LastSwiftUpdateCheck = 1400;
				LastUpgradeCheck = 1400;
				TargetAttributes = {
					570158B9291026E200559F91 = {
						CreatedOnToolsVersion = 14.0.1;
					};
					570158CF291026E500559F91 = {
						CreatedOnToolsVersion = 14.0.1;
						TestTargetID = 570158B9291026E200559F91;
					};
					570158D9291026E500559F91 = {
						CreatedOnToolsVersion = 14.0.1;
						TestTargetID = 570158B9291026E200559F91;
					};
				};
			};
			buildConfigurationList = 570158B5291026E200559F91 /* Build configuration list for PBXProject "intergalactic" */;
			compatibilityVersion = "Xcode 14.0";
			developmentRegion = en;
			hasScannedForEncodings = 0;
			knownRegions = (
				en,
				Base,
			);
			mainGroup = 570158B1291026E200559F91;
			productRefGroup = 570158BB291026E200559F91 /* Products */;
			projectDirPath = "";
			projectRoot = "";
			targets = (
				570158B9291026E200559F91 /* intergalactic */,
				570158CF291026E500559F91 /* intergalacticTests */,
				570158D9291026E500559F91 /* intergalacticUITests */,
			);
		};
/* End PBXProject section */

/* Begin PBXResourcesBuildPhase section */
		570158B8291026E200559F91 /* Resources */ = {
			isa = PBXResourcesBuildPhase;
			buildActionMask = 2147483647;
			files = (
				570158CA291026E400559F91 /* LaunchScreen.storyboard in Resources */,
				570158C7291026E400559F91 /* Assets.xcassets in Resources */,
				570158C5291026E200559F91 /* Main.storyboard in Resources */,
			);
			runOnlyForDeploymentPostprocessing = 0;
		};
		570158CE291026E500559F91 /* Resources */ = {
			isa = PBXResourcesBuildPhase;
			buildActionMask = 2147483647;
			files = (
			);
			runOnlyForDeploymentPostprocessing = 0;
		};
		570158D8291026E500559F91 /* Resources */ = {
			isa = PBXResourcesBuildPhase;
			buildActionMask = 2147483647;
			files = (
			);
			runOnlyForDeploymentPostprocessing = 0;
		};
/* End PBXResourcesBuildPhase section */

/* Begin PBXSourcesBuildPhase section */
		570158B6291026E200559F91 /* Sources */ = {
			isa = PBXSourcesBuildPhase;
			buildActionMask = 2147483647;
			files = (
				570158C2291026E200559F91 /* ViewController.swift in Sources */,
				570158BE291026E200559F91 /* AppDelegate.swift in Sources */,
				570158C0291026E200559F91 /* SceneDelegate.swift in Sources */,
			);
			runOnlyForDeploymentPostprocessing = 0;
		};
		570158CC291026E500559F91 /* Sources */ = {
			isa = PBXSourcesBuildPhase;
			buildActionMask = 2147483647;
			files = (
				570158D5291026E500559F91 /* intergalacticTests.swift in Sources */,
			);
			runOnlyForDeploymentPostprocessing = 0;
		};
		570158D6291026E500559F91 /* Sources */ = {
			isa = PBXSourcesBuildPhase;
			buildActionMask = 2147483647;
			files = (
				570158DF291026E500559F91 /* intergalacticUITests.swift in Sources */,
				570158E1291026E500559F91 /* intergalacticUITestsLaunchTests.swift in Sources */,
			);
			runOnlyForDeploymentPostprocessing = 0;
		};
/* End PBXSourcesBuildPhase section */

/* Begin PBXTargetDependency section */
		570158D2291026E500559F91 /* PBXTargetDependency */ = {
			isa = PBXTargetDependency;
			target = 570158B9291026E200559F91 /* intergalactic */;
			targetProxy = 570158D1291026E500559F91 /* PBXContainerItemProxy */;
		};
		570158DC291026E500559F91 /* PBXTargetDependency */ = {
			isa = PBXTargetDependency;
			target = 570158B9291026E200559F91 /* intergalactic */;
			targetProxy = 570158DB291026E500559F91 /* PBXContainerItemProxy */;
		};
/* End PBXTargetDependency section */

/* Begin PBXVariantGroup section */
		570158C3291026E200559F91 /* Main.storyboard */ = {
			isa = PBXVariantGroup;
			children = (
				570158C4291026E200559F91 /* Base */,
			);
			name = Main.storyboard;
			sourceTree = "<group>";
		};
		570158C8291026E400559F91 /* LaunchScreen.storyboard */ = {
			isa = PBXVariantGroup;
			children = (
				570158C9291026E400559F91 /* Base */,
			);
			name = LaunchScreen.storyboard;
			sourceTree = "<group>";
		};
/* End PBXVariantGroup section */

/* Begin XCBuildConfiguration section */
		570158E2291026E500559F91 /* Debug */ = {
			isa = XCBuildConfiguration;
			buildSettings = {
				ALWAYS_SEARCH_USER_PATHS = NO;
				CLANG_ANALYZER_NONNULL = YES;
				CLANG_ANALYZER_NUMBER_OBJECT_CONVERSION = YES_AGGRESSIVE;
				CLANG_CXX_LANGUAGE_STANDARD = "gnu++20";
				CLANG_ENABLE_MODULES = YES;
				CLANG_ENABLE_OBJC_ARC = YES;
				CLANG_ENABLE_OBJC_WEAK = YES;
				CLANG_WARN_BLOCK_CAPTURE_AUTORELEASING = YES;
				CLANG_WARN_BOOL_CONVERSION = YES;
				CLANG_WARN_COMMA = YES;
				CLANG_WARN_CONSTANT_CONVERSION = YES;
				CLANG_WARN_DEPRECATED_OBJC_IMPLEMENTATIONS = YES;
				CLANG_WARN_DIRECT_OBJC_ISA_USAGE = YES_ERROR;
				CLANG_WARN_DOCUMENTATION_COMMENTS = YES;
				CLANG_WARN_EMPTY_BODY = YES;
				CLANG_WARN_ENUM_CONVERSION = YES;
				CLANG_WARN_INFINITE_RECURSION = YES;
				CLANG_WARN_INT_CONVERSION = YES;
				CLANG_WARN_NON_LITERAL_NULL_CONVERSION = YES;
				CLANG_WARN_OBJC_IMPLICIT_RETAIN_SELF = YES;
				CLANG_WARN_OBJC_LITERAL_CONVERSION = YES;
				CLANG_WARN_OBJC_ROOT_CLASS = YES_ERROR;
				CLANG_WARN_QUOTED_INCLUDE_IN_FRAMEWORK_HEADER = YES;
				CLANG_WARN_RANGE_LOOP_ANALYSIS = YES;
				CLANG_WARN_STRICT_PROTOTYPES = YES;
				CLANG_WARN_SUSPICIOUS_MOVE = YES;
				CLANG_WARN_UNGUARDED_AVAILABILITY = YES_AGGRESSIVE;
				CLANG_WARN_UNREACHABLE_CODE = YES;
				CLANG_WARN__DUPLICATE_METHOD_MATCH = YES;
				COPY_PHASE_STRIP = NO;
				DEBUG_INFORMATION_FORMAT = dwarf;
				ENABLE_STRICT_OBJC_MSGSEND = YES;
				ENABLE_TESTABILITY = YES;
				GCC_C_LANGUAGE_STANDARD = gnu11;
				GCC_DYNAMIC_NO_PIC = NO;
				GCC_NO_COMMON_BLOCKS = YES;
				GCC_OPTIMIZATION_LEVEL = 0;
				GCC_PREPROCESSOR_DEFINITIONS = (
					"DEBUG=1",
					"$(inherited)",
				);
				GCC_WARN_64_TO_32_BIT_CONVERSION = YES;
				GCC_WARN_ABOUT_RETURN_TYPE = YES_ERROR;
				GCC_WARN_UNDECLARED_SELECTOR = YES;
				GCC_WARN_UNINITIALIZED_AUTOS = YES_AGGRESSIVE;
				GCC_WARN_UNUSED_FUNCTION = YES;
				GCC_WARN_UNUSED_VARIABLE = YES;
				IPHONEOS_DEPLOYMENT_TARGET = 16.0;
				MTL_ENABLE_DEBUG_INFO = INCLUDE_SOURCE;
				MTL_FAST_MATH = YES;
				ONLY_ACTIVE_ARCH = YES;
				SDKROOT = iphoneos;
				SWIFT_ACTIVE_COMPILATION_CONDITIONS = DEBUG;
				SWIFT_OPTIMIZATION_LEVEL = "-Onone";
			};
			name = Debug;
		};
		570158E3291026E500559F91 /* Release */ = {
			isa = XCBuildConfiguration;
			buildSettings = {
				ALWAYS_SEARCH_USER_PATHS = NO;
				CLANG_ANALYZER_NONNULL = YES;
				CLANG_ANALYZER_NUMBER_OBJECT_CONVERSION = YES_AGGRESSIVE;
				CLANG_CXX_LANGUAGE_STANDARD = "gnu++20";
				CLANG_ENABLE_MODULES = YES;
				CLANG_ENABLE_OBJC_ARC = YES;
				CLANG_ENABLE_OBJC_WEAK = YES;
				CLANG_WARN_BLOCK_CAPTURE_AUTORELEASING = YES;
				CLANG_WARN_BOOL_CONVERSION = YES;
				CLANG_WARN_COMMA = YES;
				CLANG_WARN_CONSTANT_CONVERSION = YES;
				CLANG_WARN_DEPRECATED_OBJC_IMPLEMENTATIONS = YES;
				CLANG_WARN_DIRECT_OBJC_ISA_USAGE = YES_ERROR;
				CLANG_WARN_DOCUMENTATION_COMMENTS = YES;
				CLANG_WARN_EMPTY_BODY = YES;
				CLANG_WARN_ENUM_CONVERSION = YES;
				CLANG_WARN_INFINITE_RECURSION = YES;
				CLANG_WARN_INT_CONVERSION = YES;
				CLANG_WARN_NON_LITERAL_NULL_CONVERSION = YES;
				CLANG_WARN_OBJC_IMPLICIT_RETAIN_SELF = YES;
				CLANG_WARN_OBJC_LITERAL_CONVERSION = YES;
				CLANG_WARN_OBJC_ROOT_CLASS = YES_ERROR;
				CLANG_WARN_QUOTED_INCLUDE_IN_FRAMEWORK_HEADER = YES;
				CLANG_WARN_RANGE_LOOP_ANALYSIS = YES;
				CLANG_WARN_STRICT_PROTOTYPES = YES;
				CLANG_WARN_SUSPICIOUS_MOVE = YES;
				CLANG_WARN_UNGUARDED_AVAILABILITY = YES_AGGRESSIVE;
				CLANG_WARN_UNREACHABLE_CODE = YES;
				CLANG_WARN__DUPLICATE_METHOD_MATCH = YES;
				COPY_PHASE_STRIP = NO;
				DEBUG_INFORMATION_FORMAT = "dwarf-with-dsym";
				ENABLE_NS_ASSERTIONS = NO;
				ENABLE_STRICT_OBJC_MSGSEND = YES;
				GCC_C_LANGUAGE_STANDARD = gnu11;
				GCC_NO_COMMON_BLOCKS = YES;
				GCC_WARN_64_TO_32_BIT_CONVERSION = YES;
				GCC_WARN_ABOUT_RETURN_TYPE = YES_ERROR;
				GCC_WARN_UNDECLARED_SELECTOR = YES;
				GCC_WARN_UNINITIALIZED_AUTOS = YES_AGGRESSIVE;
				GCC_WARN_UNUSED_FUNCTION = YES;
				GCC_WARN_UNUSED_VARIABLE = YES;
				IPHONEOS_DEPLOYMENT_TARGET = 16.0;
				MTL_ENABLE_DEBUG_INFO = NO;
				MTL_FAST_MATH = YES;
				SDKROOT = iphoneos;
				SWIFT_COMPILATION_MODE = wholemodule;
				SWIFT_OPTIMIZATION_LEVEL = "-O";
				VALIDATE_PRODUCT = YES;
			};
			name = Release;
		};
		570158E5291026E500559F91 /* Debug */ = {
			isa = XCBuildConfiguration;
			buildSettings = {
				ASSETCATALOG_COMPILER_APPICON_NAME = AppIcon;
				ASSETCATALOG_COMPILER_GLOBAL_ACCENT_COLOR_NAME = AccentColor;
				CODE_SIGN_STYLE = Automatic;
				CURRENT_PROJECT_VERSION = 1;
				DEVELOPMENT_TEAM = U5R63Z94A3;
				GENERATE_INFOPLIST_FILE = YES;
				INFOPLIST_FILE = intergalactic/Info.plist;
				INFOPLIST_KEY_UIApplicationSupportsIndirectInputEvents = YES;
				INFOPLIST_KEY_UILaunchStoryboardName = LaunchScreen;
				INFOPLIST_KEY_UIMainStoryboardFile = Main;
				INFOPLIST_KEY_UISupportedInterfaceOrientations_iPad = "UIInterfaceOrientationPortrait UIInterfaceOrientationPortraitUpsideDown UIInterfaceOrientationLandscapeLeft UIInterfaceOrientationLandscapeRight";
				INFOPLIST_KEY_UISupportedInterfaceOrientations_iPhone = "UIInterfaceOrientationPortrait UIInterfaceOrientationLandscapeLeft UIInterfaceOrientationLandscapeRight";
				LD_RUNPATH_SEARCH_PATHS = (
					"$(inherited)",
					"@executable_path/Frameworks",
				);
				MARKETING_VERSION = 1.0;
				PRODUCT_BUNDLE_IDENTIFIER = "futers-lab-D.E.intergalactic";
				PRODUCT_NAME = "$(TARGET_NAME)";
				SWIFT_EMIT_LOC_STRINGS = YES;
				SWIFT_VERSION = 5.0;
				TARGETED_DEVICE_FAMILY = "1,2";
			};
			name = Debug;
		};
		570158E6291026E500559F91 /* Release */ = {
			isa = XCBuildConfiguration;
			buildSettings = {
				ASSETCATALOG_COMPILER_APPICON_NAME = AppIcon;
				ASSETCATALOG_COMPILER_GLOBAL_ACCENT_COLOR_NAME = AccentColor;
				CODE_SIGN_STYLE = Automatic;
				CURRENT_PROJECT_VERSION = 1;
				DEVELOPMENT_TEAM = U5R63Z94A3;
				GENERATE_INFOPLIST_FILE = YES;
				INFOPLIST_FILE = intergalactic/Info.plist;
				INFOPLIST_KEY_UIApplicationSupportsIndirectInputEvents = YES;
				INFOPLIST_KEY_UILaunchStoryboardName = LaunchScreen;
				INFOPLIST_KEY_UIMainStoryboardFile = Main;
				INFOPLIST_KEY_UISupportedInterfaceOrientations_iPad = "UIInterfaceOrientationPortrait UIInterfaceOrientationPortraitUpsideDown UIInterfaceOrientationLandscapeLeft UIInterfaceOrientationLandscapeRight";
				INFOPLIST_KEY_UISupportedInterfaceOrientations_iPhone = "UIInterfaceOrientationPortrait UIInterfaceOrientationLandscapeLeft UIInterfaceOrientationLandscapeRight";
				LD_RUNPATH_SEARCH_PATHS = (
					"$(inherited)",
					"@executable_path/Frameworks",
				);
				MARKETING_VERSION = 1.0;
				PRODUCT_BUNDLE_IDENTIFIER = "futers-lab-D.E.intergalactic";
				PRODUCT_NAME = "$(TARGET_NAME)";
				SWIFT_EMIT_LOC_STRINGS = YES;
				SWIFT_VERSION = 5.0;
				TARGETED_DEVICE_FAMILY = "1,2";
			};
			name = Release;
		};
		570158E8291026E500559F91 /* Debug */ = {
			isa = XCBuildConfiguration;
			buildSettings = {
				ALWAYS_EMBED_SWIFT_STANDARD_LIBRARIES = YES;
				BUNDLE_LOADER = "$(TEST_HOST)";
				CODE_SIGN_STYLE = Automatic;
				CURRENT_PROJECT_VERSION = 1;
				DEVELOPMENT_TEAM = U5R63Z94A3;
				GENERATE_INFOPLIST_FILE = YES;
				IPHONEOS_DEPLOYMENT_TARGET = 16.0;
				MARKETING_VERSION = 1.0;
				PRODUCT_BUNDLE_IDENTIFIER = "futers-lab-D.E.intergalacticTests";
				PRODUCT_NAME = "$(TARGET_NAME)";
				SWIFT_EMIT_LOC_STRINGS = NO;
				SWIFT_VERSION = 5.0;
				TARGETED_DEVICE_FAMILY = "1,2";
				TEST_HOST = "$(BUILT_PRODUCTS_DIR)/intergalactic.app/$(BUNDLE_EXECUTABLE_FOLDER_PATH)/intergalactic";
			};
			name = Debug;
		};
		570158E9291026E500559F91 /* Release */ = {
			isa = XCBuildConfiguration;
			buildSettings = {
				ALWAYS_EMBED_SWIFT_STANDARD_LIBRARIES = YES;
				BUNDLE_LOADER = "$(TEST_HOST)";
				CODE_SIGN_STYLE = Automatic;
				CURRENT_PROJECT_VERSION = 1;
				DEVELOPMENT_TEAM = U5R63Z94A3;
				GENERATE_INFOPLIST_FILE = YES;
				IPHONEOS_DEPLOYMENT_TARGET = 16.0;
				MARKETING_VERSION = 1.0;
				PRODUCT_BUNDLE_IDENTIFIER = "futers-lab-D.E.intergalacticTests";
				PRODUCT_NAME = "$(TARGET_NAME)";
				SWIFT_EMIT_LOC_STRINGS = NO;
				SWIFT_VERSION = 5.0;
				TARGETED_DEVICE_FAMILY = "1,2";
				TEST_HOST = "$(BUILT_PRODUCTS_DIR)/intergalactic.app/$(BUNDLE_EXECUTABLE_FOLDER_PATH)/intergalactic";
			};
			name = Release;
		};
		570158EB291026E500559F91 /* Debug */ = {
			isa = XCBuildConfiguration;
			buildSettings = {
				ALWAYS_EMBED_SWIFT_STANDARD_LIBRARIES = YES;
				CODE_SIGN_STYLE = Automatic;
				CURRENT_PROJECT_VERSION = 1;
				DEVELOPMENT_TEAM = U5R63Z94A3;
				GENERATE_INFOPLIST_FILE = YES;
				MARKETING_VERSION = 1.0;
				PRODUCT_BUNDLE_IDENTIFIER = "futers-lab-D.E.intergalacticUITests";
				PRODUCT_NAME = "$(TARGET_NAME)";
				SWIFT_EMIT_LOC_STRINGS = NO;
				SWIFT_VERSION = 5.0;
				TARGETED_DEVICE_FAMILY = "1,2";
				TEST_TARGET_NAME = intergalactic;
			};
			name = Debug;
		};
		570158EC291026E500559F91 /* Release */ = {
			isa = XCBuildConfiguration;
			buildSettings = {
				ALWAYS_EMBED_SWIFT_STANDARD_LIBRARIES = YES;
				CODE_SIGN_STYLE = Automatic;
				CURRENT_PROJECT_VERSION = 1;
				DEVELOPMENT_TEAM = U5R63Z94A3;
				GENERATE_INFOPLIST_FILE = YES;
				MARKETING_VERSION = 1.0;
				PRODUCT_BUNDLE_IDENTIFIER = "futers-lab-D.E.intergalacticUITests";
				PRODUCT_NAME = "$(TARGET_NAME)";
				SWIFT_EMIT_LOC_STRINGS = NO;
				SWIFT_VERSION = 5.0;
				TARGETED_DEVICE_FAMILY = "1,2";
				TEST_TARGET_NAME = intergalactic;
			};
			name = Release;
		};
/* End XCBuildConfiguration section */

/* Begin XCConfigurationList section */
		570158B5291026E200559F91 /* Build configuration list for PBXProject "intergalactic" */ = {
			isa = XCConfigurationList;
			buildConfigurations = (
				570158E2291026E500559F91 /* Debug */,
				570158E3291026E500559F91 /* Release */,
			);
			defaultConfigurationIsVisible = 0;
			defaultConfigurationName = Release;
		};
		570158E4291026E500559F91 /* Build configuration list for PBXNativeTarget "intergalactic" */ = {
			isa = XCConfigurationList;
			buildConfigurations = (
				570158E5291026E500559F91 /* Debug */,
				570158E6291026E500559F91 /* Release */,
			);
			defaultConfigurationIsVisible = 0;
			defaultConfigurationName = Release;
		};
		570158E7291026E500559F91 /* Build configuration list for PBXNativeTarget "intergalacticTests" */ = {
			isa = XCConfigurationList;
			buildConfigurations = (
				570158E8291026E500559F91 /* Debug */,
				570158E9291026E500559F91 /* Release */,
			);
			defaultConfigurationIsVisible = 0;
			defaultConfigurationName = Release;
		};
		570158EA291026E500559F91 /* Build configuration list for PBXNativeTarget "intergalacticUITests" */ = {
			isa = XCConfigurationList;
			buildConfigurations = (
				570158EB291026E500559F91 /* Debug */,
				570158EC291026E500559F91 /* Release */,
			);
			defaultConfigurationIsVisible = 0;
			defaultConfigurationName = Release;
		};
/* End XCConfigurationList section */
	};
	rootObject = 570158B2291026E200559F91 /* Project object */;
}
